// !$*UTF8*$!
{
	archiveVersion = 1;
	classes = {
	};
	objectVersion = 51;
	objects = {

/* Begin PBXBuildFile section */
		D0033325243C015500A302DF /* FirebaseWorkoutsRepositoryError.swift in Sources */ = {isa = PBXBuildFile; fileRef = D0033324243C015500A302DF /* FirebaseWorkoutsRepositoryError.swift */; };
		D0037301243B74FB00108E2E /* core.framework in Frameworks */ = {isa = PBXBuildFile; fileRef = D0037300243B74FB00108E2E /* core.framework */; };
		D0037302243B74FB00108E2E /* core.framework in Embed Frameworks */ = {isa = PBXBuildFile; fileRef = D0037300243B74FB00108E2E /* core.framework */; settings = {ATTRIBUTES = (CodeSignOnCopy, RemoveHeadersOnCopy, ); }; };
		D003731F243B754100108E2E /* service.framework in Frameworks */ = {isa = PBXBuildFile; fileRef = D003731E243B754100108E2E /* service.framework */; };
		D0037320243B754100108E2E /* service.framework in Embed Frameworks */ = {isa = PBXBuildFile; fileRef = D003731E243B754100108E2E /* service.framework */; settings = {ATTRIBUTES = (CodeSignOnCopy, RemoveHeadersOnCopy, ); }; };
		D0037337243B773B00108E2E /* WorkoutsUI.framework in Frameworks */ = {isa = PBXBuildFile; fileRef = D0037336243B773B00108E2E /* WorkoutsUI.framework */; };
		D0037338243B773B00108E2E /* WorkoutsUI.framework in Embed Frameworks */ = {isa = PBXBuildFile; fileRef = D0037336243B773B00108E2E /* WorkoutsUI.framework */; settings = {ATTRIBUTES = (CodeSignOnCopy, RemoveHeadersOnCopy, ); }; };
		D0037348243B794E00108E2E /* R.generated.swift in Sources */ = {isa = PBXBuildFile; fileRef = D0037347243B794E00108E2E /* R.generated.swift */; };
		D003734C243B798F00108E2E /* Localizable.strings in Resources */ = {isa = PBXBuildFile; fileRef = D003734E243B798F00108E2E /* Localizable.strings */; };
		D003735D243B7B2400108E2E /* NavigationController.swift in Sources */ = {isa = PBXBuildFile; fileRef = D003735C243B7B2400108E2E /* NavigationController.swift */; };
		D0037366243B7CDC00108E2E /* AppCoordinator.swift in Sources */ = {isa = PBXBuildFile; fileRef = D0037365243B7CDC00108E2E /* AppCoordinator.swift */; };
		D003736B243B7D0600108E2E /* CoordinatorFactoryImp.swift in Sources */ = {isa = PBXBuildFile; fileRef = D003736A243B7D0600108E2E /* CoordinatorFactoryImp.swift */; };
		D003736D243B7D0F00108E2E /* ModuleFactoryImp.swift in Sources */ = {isa = PBXBuildFile; fileRef = D003736C243B7D0F00108E2E /* ModuleFactoryImp.swift */; };
		D003736F243B7D5800108E2E /* CoordinatorFactory.swift in Sources */ = {isa = PBXBuildFile; fileRef = D003736E243B7D5800108E2E /* CoordinatorFactory.swift */; };
		D0037371243B7D7A00108E2E /* CoordinatorFactory+AppCoordinator.swift in Sources */ = {isa = PBXBuildFile; fileRef = D0037370243B7D7A00108E2E /* CoordinatorFactory+AppCoordinator.swift */; };
		D0037373243B7DD900108E2E /* BaseCoordinator.swift in Sources */ = {isa = PBXBuildFile; fileRef = D0037372243B7DD900108E2E /* BaseCoordinator.swift */; };
		D0037377243B7E2000108E2E /* RouterImp.swift in Sources */ = {isa = PBXBuildFile; fileRef = D0037376243B7E2000108E2E /* RouterImp.swift */; };
		D0037379243B7E3B00108E2E /* BViewController.swift in Sources */ = {isa = PBXBuildFile; fileRef = D0037378243B7E3B00108E2E /* BViewController.swift */; };
		D003737B243B7E5800108E2E /* BView.swift in Sources */ = {isa = PBXBuildFile; fileRef = D003737A243B7E5800108E2E /* BView.swift */; };
		D003737D243B7E6100108E2E /* BViewModel.swift in Sources */ = {isa = PBXBuildFile; fileRef = D003737C243B7E6100108E2E /* BViewModel.swift */; };
		D003738B243B82DE00108E2E /* WorkoutsListView.swift in Sources */ = {isa = PBXBuildFile; fileRef = D003738A243B82DE00108E2E /* WorkoutsListView.swift */; };
		D003738F243B830C00108E2E /* WorkoutsListViewController.swift in Sources */ = {isa = PBXBuildFile; fileRef = D003738E243B830C00108E2E /* WorkoutsListViewController.swift */; };
		D0037391243B836000108E2E /* WorkoutsListContentView.swift in Sources */ = {isa = PBXBuildFile; fileRef = D0037390243B836000108E2E /* WorkoutsListContentView.swift */; };
		D0037393243B836A00108E2E /* WorkoutsListViewModel.swift in Sources */ = {isa = PBXBuildFile; fileRef = D0037392243B836A00108E2E /* WorkoutsListViewModel.swift */; };
		D00373A3243B850A00108E2E /* WorkoutCell.swift in Sources */ = {isa = PBXBuildFile; fileRef = D00373A2243B850A00108E2E /* WorkoutCell.swift */; };
		D00373A5243B851100108E2E /* WorkoutCellViewModel.swift in Sources */ = {isa = PBXBuildFile; fileRef = D00373A4243B851100108E2E /* WorkoutCellViewModel.swift */; };
		D00373CF243B871000108E2E /* BCell.swift in Sources */ = {isa = PBXBuildFile; fileRef = D00373CE243B871000108E2E /* BCell.swift */; };
		D00373D1243B8E6D00108E2E /* WorkoutsListFactory.swift in Sources */ = {isa = PBXBuildFile; fileRef = D00373D0243B8E6D00108E2E /* WorkoutsListFactory.swift */; };
		D00373D3243B8E8B00108E2E /* WorkoutsListFactoryExtension.swift in Sources */ = {isa = PBXBuildFile; fileRef = D00373D2243B8E8B00108E2E /* WorkoutsListFactoryExtension.swift */; };
		D00373D5243B8ED400108E2E /* CoordinatorFactory+WorkoutsList.swift in Sources */ = {isa = PBXBuildFile; fileRef = D00373D4243B8ED400108E2E /* CoordinatorFactory+WorkoutsList.swift */; };
		D00373D7243B8F0A00108E2E /* WorkoutsListCoordinator.swift in Sources */ = {isa = PBXBuildFile; fileRef = D00373D6243B8F0A00108E2E /* WorkoutsListCoordinator.swift */; };
		D00373E0243BA62000108E2E /* FirebaseWorkoutsRepository.swift in Sources */ = {isa = PBXBuildFile; fileRef = D00373DF243BA62000108E2E /* FirebaseWorkoutsRepository.swift */; };
		D0055B0D243C053E0088D6C4 /* PlaceSelectorViewModel.swift in Sources */ = {isa = PBXBuildFile; fileRef = D0055B01243C053E0088D6C4 /* PlaceSelectorViewModel.swift */; };
		D0055B0E243C053E0088D6C4 /* PlaceSelectorCoordinator.swift in Sources */ = {isa = PBXBuildFile; fileRef = D0055B03243C053E0088D6C4 /* PlaceSelectorCoordinator.swift */; };
		D0055B0F243C053E0088D6C4 /* CoordinatorFactory+PlaceSelector.swift in Sources */ = {isa = PBXBuildFile; fileRef = D0055B04243C053E0088D6C4 /* CoordinatorFactory+PlaceSelector.swift */; };
		D0055B10243C053E0088D6C4 /* PlaceSelectorContentView.swift in Sources */ = {isa = PBXBuildFile; fileRef = D0055B06243C053E0088D6C4 /* PlaceSelectorContentView.swift */; };
		D0055B11243C053E0088D6C4 /* PlaceSelectorView.swift in Sources */ = {isa = PBXBuildFile; fileRef = D0055B08243C053E0088D6C4 /* PlaceSelectorView.swift */; };
		D0055B12243C053E0088D6C4 /* PlaceSelectorViewController.swift in Sources */ = {isa = PBXBuildFile; fileRef = D0055B09243C053E0088D6C4 /* PlaceSelectorViewController.swift */; };
		D0055B13243C053E0088D6C4 /* PlaceSelectorFactory.swift in Sources */ = {isa = PBXBuildFile; fileRef = D0055B0B243C053E0088D6C4 /* PlaceSelectorFactory.swift */; };
		D0055B14243C053E0088D6C4 /* PlaceSelectorFactoryExtension.swift in Sources */ = {isa = PBXBuildFile; fileRef = D0055B0C243C053E0088D6C4 /* PlaceSelectorFactoryExtension.swift */; };
		D0055B17243C0CB30088D6C4 /* PlaceCell.swift in Sources */ = {isa = PBXBuildFile; fileRef = D0055B16243C0CB30088D6C4 /* PlaceCell.swift */; };
		D0055B19243C0CBE0088D6C4 /* PlaceCellViewModel.swift in Sources */ = {isa = PBXBuildFile; fileRef = D0055B18243C0CBE0088D6C4 /* PlaceCellViewModel.swift */; };
		D0055B21243C1C710088D6C4 /* WorkoutViewUsage.swift in Sources */ = {isa = PBXBuildFile; fileRef = D0055B20243C1C710088D6C4 /* WorkoutViewUsage.swift */; };
		D03F3E16243BAEB600AEEFEC /* WorkoutViewModel.swift in Sources */ = {isa = PBXBuildFile; fileRef = D03F3E0A243BAEB600AEEFEC /* WorkoutViewModel.swift */; };
		D03F3E17243BAEB600AEEFEC /* CoordinatorFactory+Workout.swift in Sources */ = {isa = PBXBuildFile; fileRef = D03F3E0C243BAEB600AEEFEC /* CoordinatorFactory+Workout.swift */; };
		D03F3E18243BAEB600AEEFEC /* WorkoutCoordinator.swift in Sources */ = {isa = PBXBuildFile; fileRef = D03F3E0D243BAEB600AEEFEC /* WorkoutCoordinator.swift */; };
		D03F3E19243BAEB600AEEFEC /* WorkoutContentView.swift in Sources */ = {isa = PBXBuildFile; fileRef = D03F3E0F243BAEB600AEEFEC /* WorkoutContentView.swift */; };
		D03F3E1A243BAEB600AEEFEC /* WorkoutViewController.swift in Sources */ = {isa = PBXBuildFile; fileRef = D03F3E11243BAEB600AEEFEC /* WorkoutViewController.swift */; };
		D03F3E1B243BAEB600AEEFEC /* WorkoutView.swift in Sources */ = {isa = PBXBuildFile; fileRef = D03F3E12243BAEB600AEEFEC /* WorkoutView.swift */; };
		D03F3E1C243BAEB600AEEFEC /* WorkoutFactory.swift in Sources */ = {isa = PBXBuildFile; fileRef = D03F3E14243BAEB600AEEFEC /* WorkoutFactory.swift */; };
		D03F3E1D243BAEB600AEEFEC /* WorkoutFactoryExtension.swift in Sources */ = {isa = PBXBuildFile; fileRef = D03F3E15243BAEB600AEEFEC /* WorkoutFactoryExtension.swift */; };
		D03F3E1F243BB2D000AEEFEC /* TempWorkout.swift in Sources */ = {isa = PBXBuildFile; fileRef = D03F3E1E243BB2D000AEEFEC /* TempWorkout.swift */; };
		D03F3E23243BC76000AEEFEC /* WorkoutPropertyTextFieldCell.swift in Sources */ = {isa = PBXBuildFile; fileRef = D03F3E22243BC76000AEEFEC /* WorkoutPropertyTextFieldCell.swift */; };
		D03F3E25243BC82700AEEFEC /* WorkoutPropertyTextFieldCellViewModel.swift in Sources */ = {isa = PBXBuildFile; fileRef = D03F3E24243BC82700AEEFEC /* WorkoutPropertyTextFieldCellViewModel.swift */; };
		D03F3E27243BC9C500AEEFEC /* WorkoutPropertyDescriptionCell.swift in Sources */ = {isa = PBXBuildFile; fileRef = D03F3E26243BC9C500AEEFEC /* WorkoutPropertyDescriptionCell.swift */; };
		D03F3E29243BC9CF00AEEFEC /* WorkoutPropertyDescriptionCellViewModel.swift in Sources */ = {isa = PBXBuildFile; fileRef = D03F3E28243BC9CF00AEEFEC /* WorkoutPropertyDescriptionCellViewModel.swift */; };
		D03F3E2B243BCA1A00AEEFEC /* WorkoutPropertyDurationPickerCellViewModel.swift in Sources */ = {isa = PBXBuildFile; fileRef = D03F3E2A243BCA1A00AEEFEC /* WorkoutPropertyDurationPickerCellViewModel.swift */; };
		D03F3E2D243BCA2300AEEFEC /* WorkoutPropertyDurationPickerCell.swift in Sources */ = {isa = PBXBuildFile; fileRef = D03F3E2C243BCA2300AEEFEC /* WorkoutPropertyDurationPickerCell.swift */; };
		D03F3E2F243BCA6500AEEFEC /* WorkoutPropertyRepositoryCellViewModel.swift in Sources */ = {isa = PBXBuildFile; fileRef = D03F3E2E243BCA6500AEEFEC /* WorkoutPropertyRepositoryCellViewModel.swift */; };
		D03F3E31243BCA6F00AEEFEC /* WorkoutPropertyRepositoryCell.swift in Sources */ = {isa = PBXBuildFile; fileRef = D03F3E30243BCA6F00AEEFEC /* WorkoutPropertyRepositoryCell.swift */; };
		D03F3E35243BE6C100AEEFEC /* WorkoutPropertyCell.swift in Sources */ = {isa = PBXBuildFile; fileRef = D03F3E34243BE6C100AEEFEC /* WorkoutPropertyCell.swift */; };
		D03F3E3F243BF02500AEEFEC /* RepositoryType+Extension.swift in Sources */ = {isa = PBXBuildFile; fileRef = D03F3E3E243BF02400AEEFEC /* RepositoryType+Extension.swift */; };
		D03F3E4B243BF91700AEEFEC /* GoogleService-Info.plist in Resources */ = {isa = PBXBuildFile; fileRef = D03F3E4A243BF91700AEEFEC /* GoogleService-Info.plist */; };
		D0FC64B7243B6E74009D0958 /* AppDelegate.swift in Sources */ = {isa = PBXBuildFile; fileRef = D0FC64B6243B6E74009D0958 /* AppDelegate.swift */; };
		D0FC64C0243B6E78009D0958 /* Assets.xcassets in Resources */ = {isa = PBXBuildFile; fileRef = D0FC64BF243B6E78009D0958 /* Assets.xcassets */; };
		D0FC64C3243B6E78009D0958 /* LaunchScreen.storyboard in Resources */ = {isa = PBXBuildFile; fileRef = D0FC64C1243B6E78009D0958 /* LaunchScreen.storyboard */; };
		FD918A03D0A3D3ED65B1F50D /* Pods_Workouts.framework in Frameworks */ = {isa = PBXBuildFile; fileRef = 29A57B442E78388C5CF5FC3D /* Pods_Workouts.framework */; };
/* End PBXBuildFile section */

/* Begin PBXCopyFilesBuildPhase section */
		D0037303243B74FB00108E2E /* Embed Frameworks */ = {
			isa = PBXCopyFilesBuildPhase;
			buildActionMask = 2147483647;
			dstPath = "";
			dstSubfolderSpec = 10;
			files = (
				D0037320243B754100108E2E /* service.framework in Embed Frameworks */,
				D0037338243B773B00108E2E /* WorkoutsUI.framework in Embed Frameworks */,
				D0037302243B74FB00108E2E /* core.framework in Embed Frameworks */,
			);
			name = "Embed Frameworks";
			runOnlyForDeploymentPostprocessing = 0;
		};
/* End PBXCopyFilesBuildPhase section */

/* Begin PBXFileReference section */
		0627B1070A305EA7ECB974EB /* Pods-SaveIt.debug.xcconfig */ = {isa = PBXFileReference; includeInIndex = 1; lastKnownFileType = text.xcconfig; name = "Pods-SaveIt.debug.xcconfig"; path = "Target Support Files/Pods-SaveIt/Pods-SaveIt.debug.xcconfig"; sourceTree = "<group>"; };
		29A57B442E78388C5CF5FC3D /* Pods_Workouts.framework */ = {isa = PBXFileReference; explicitFileType = wrapper.framework; includeInIndex = 0; path = Pods_Workouts.framework; sourceTree = BUILT_PRODUCTS_DIR; };
		4001F9F08EF3929C03CFA7B4 /* Pods-Workouts.release.xcconfig */ = {isa = PBXFileReference; includeInIndex = 1; lastKnownFileType = text.xcconfig; name = "Pods-Workouts.release.xcconfig"; path = "Target Support Files/Pods-Workouts/Pods-Workouts.release.xcconfig"; sourceTree = "<group>"; };
		57D6661F28908E248D4431FA /* Pods-Workouts.debug.xcconfig */ = {isa = PBXFileReference; includeInIndex = 1; lastKnownFileType = text.xcconfig; name = "Pods-Workouts.debug.xcconfig"; path = "Target Support Files/Pods-Workouts/Pods-Workouts.debug.xcconfig"; sourceTree = "<group>"; };
		6CF9034A95724AA15BC48BBD /* Pods-SaveIt.release.xcconfig */ = {isa = PBXFileReference; includeInIndex = 1; lastKnownFileType = text.xcconfig; name = "Pods-SaveIt.release.xcconfig"; path = "Target Support Files/Pods-SaveIt/Pods-SaveIt.release.xcconfig"; sourceTree = "<group>"; };
		D0033324243C015500A302DF /* FirebaseWorkoutsRepositoryError.swift */ = {isa = PBXFileReference; lastKnownFileType = sourcecode.swift; path = FirebaseWorkoutsRepositoryError.swift; sourceTree = "<group>"; };
		D0037300243B74FB00108E2E /* core.framework */ = {isa = PBXFileReference; explicitFileType = wrapper.framework; path = core.framework; sourceTree = BUILT_PRODUCTS_DIR; };
		D003731E243B754100108E2E /* service.framework */ = {isa = PBXFileReference; explicitFileType = wrapper.framework; path = service.framework; sourceTree = BUILT_PRODUCTS_DIR; };
		D0037336243B773B00108E2E /* WorkoutsUI.framework */ = {isa = PBXFileReference; explicitFileType = wrapper.framework; path = WorkoutsUI.framework; sourceTree = BUILT_PRODUCTS_DIR; };
		D0037347243B794E00108E2E /* R.generated.swift */ = {isa = PBXFileReference; fileEncoding = 4; lastKnownFileType = sourcecode.swift; path = R.generated.swift; sourceTree = "<group>"; };
		D0037349243B796D00108E2E /* cs */ = {isa = PBXFileReference; lastKnownFileType = text.plist.strings; name = cs; path = cs.lproj/LaunchScreen.strings; sourceTree = "<group>"; };
		D003734D243B798F00108E2E /* cs */ = {isa = PBXFileReference; lastKnownFileType = text.plist.strings; name = cs; path = cs.lproj/Localizable.strings; sourceTree = "<group>"; };
		D003735C243B7B2400108E2E /* NavigationController.swift */ = {isa = PBXFileReference; lastKnownFileType = sourcecode.swift; path = NavigationController.swift; sourceTree = "<group>"; };
		D0037365243B7CDC00108E2E /* AppCoordinator.swift */ = {isa = PBXFileReference; lastKnownFileType = sourcecode.swift; path = AppCoordinator.swift; sourceTree = "<group>"; };
		D003736A243B7D0600108E2E /* CoordinatorFactoryImp.swift */ = {isa = PBXFileReference; lastKnownFileType = sourcecode.swift; path = CoordinatorFactoryImp.swift; sourceTree = "<group>"; };
		D003736C243B7D0F00108E2E /* ModuleFactoryImp.swift */ = {isa = PBXFileReference; lastKnownFileType = sourcecode.swift; path = ModuleFactoryImp.swift; sourceTree = "<group>"; };
		D003736E243B7D5800108E2E /* CoordinatorFactory.swift */ = {isa = PBXFileReference; lastKnownFileType = sourcecode.swift; path = CoordinatorFactory.swift; sourceTree = "<group>"; };
		D0037370243B7D7A00108E2E /* CoordinatorFactory+AppCoordinator.swift */ = {isa = PBXFileReference; lastKnownFileType = sourcecode.swift; path = "CoordinatorFactory+AppCoordinator.swift"; sourceTree = "<group>"; };
		D0037372243B7DD900108E2E /* BaseCoordinator.swift */ = {isa = PBXFileReference; lastKnownFileType = sourcecode.swift; path = BaseCoordinator.swift; sourceTree = "<group>"; };
		D0037376243B7E2000108E2E /* RouterImp.swift */ = {isa = PBXFileReference; lastKnownFileType = sourcecode.swift; path = RouterImp.swift; sourceTree = "<group>"; };
		D0037378243B7E3B00108E2E /* BViewController.swift */ = {isa = PBXFileReference; lastKnownFileType = sourcecode.swift; path = BViewController.swift; sourceTree = "<group>"; };
		D003737A243B7E5800108E2E /* BView.swift */ = {isa = PBXFileReference; lastKnownFileType = sourcecode.swift; path = BView.swift; sourceTree = "<group>"; };
		D003737C243B7E6100108E2E /* BViewModel.swift */ = {isa = PBXFileReference; lastKnownFileType = sourcecode.swift; path = BViewModel.swift; sourceTree = "<group>"; };
		D003738A243B82DE00108E2E /* WorkoutsListView.swift */ = {isa = PBXFileReference; lastKnownFileType = sourcecode.swift; path = WorkoutsListView.swift; sourceTree = "<group>"; };
		D003738E243B830C00108E2E /* WorkoutsListViewController.swift */ = {isa = PBXFileReference; lastKnownFileType = sourcecode.swift; path = WorkoutsListViewController.swift; sourceTree = "<group>"; };
		D0037390243B836000108E2E /* WorkoutsListContentView.swift */ = {isa = PBXFileReference; lastKnownFileType = sourcecode.swift; path = WorkoutsListContentView.swift; sourceTree = "<group>"; };
		D0037392243B836A00108E2E /* WorkoutsListViewModel.swift */ = {isa = PBXFileReference; lastKnownFileType = sourcecode.swift; path = WorkoutsListViewModel.swift; sourceTree = "<group>"; };
		D00373A2243B850A00108E2E /* WorkoutCell.swift */ = {isa = PBXFileReference; lastKnownFileType = sourcecode.swift; path = WorkoutCell.swift; sourceTree = "<group>"; };
		D00373A4243B851100108E2E /* WorkoutCellViewModel.swift */ = {isa = PBXFileReference; lastKnownFileType = sourcecode.swift; path = WorkoutCellViewModel.swift; sourceTree = "<group>"; };
		D00373CE243B871000108E2E /* BCell.swift */ = {isa = PBXFileReference; lastKnownFileType = sourcecode.swift; path = BCell.swift; sourceTree = "<group>"; };
		D00373D0243B8E6D00108E2E /* WorkoutsListFactory.swift */ = {isa = PBXFileReference; lastKnownFileType = sourcecode.swift; path = WorkoutsListFactory.swift; sourceTree = "<group>"; };
		D00373D2243B8E8B00108E2E /* WorkoutsListFactoryExtension.swift */ = {isa = PBXFileReference; lastKnownFileType = sourcecode.swift; path = WorkoutsListFactoryExtension.swift; sourceTree = "<group>"; };
		D00373D4243B8ED400108E2E /* CoordinatorFactory+WorkoutsList.swift */ = {isa = PBXFileReference; lastKnownFileType = sourcecode.swift; path = "CoordinatorFactory+WorkoutsList.swift"; sourceTree = "<group>"; };
		D00373D6243B8F0A00108E2E /* WorkoutsListCoordinator.swift */ = {isa = PBXFileReference; lastKnownFileType = sourcecode.swift; path = WorkoutsListCoordinator.swift; sourceTree = "<group>"; };
		D00373DF243BA62000108E2E /* FirebaseWorkoutsRepository.swift */ = {isa = PBXFileReference; lastKnownFileType = sourcecode.swift; path = FirebaseWorkoutsRepository.swift; sourceTree = "<group>"; };
		D0055B01243C053E0088D6C4 /* PlaceSelectorViewModel.swift */ = {isa = PBXFileReference; fileEncoding = 4; lastKnownFileType = sourcecode.swift; path = PlaceSelectorViewModel.swift; sourceTree = "<group>"; };
		D0055B03243C053E0088D6C4 /* PlaceSelectorCoordinator.swift */ = {isa = PBXFileReference; fileEncoding = 4; lastKnownFileType = sourcecode.swift; path = PlaceSelectorCoordinator.swift; sourceTree = "<group>"; };
		D0055B04243C053E0088D6C4 /* CoordinatorFactory+PlaceSelector.swift */ = {isa = PBXFileReference; fileEncoding = 4; lastKnownFileType = sourcecode.swift; path = "CoordinatorFactory+PlaceSelector.swift"; sourceTree = "<group>"; };
		D0055B06243C053E0088D6C4 /* PlaceSelectorContentView.swift */ = {isa = PBXFileReference; fileEncoding = 4; lastKnownFileType = sourcecode.swift; path = PlaceSelectorContentView.swift; sourceTree = "<group>"; };
		D0055B08243C053E0088D6C4 /* PlaceSelectorView.swift */ = {isa = PBXFileReference; fileEncoding = 4; lastKnownFileType = sourcecode.swift; path = PlaceSelectorView.swift; sourceTree = "<group>"; };
		D0055B09243C053E0088D6C4 /* PlaceSelectorViewController.swift */ = {isa = PBXFileReference; fileEncoding = 4; lastKnownFileType = sourcecode.swift; path = PlaceSelectorViewController.swift; sourceTree = "<group>"; };
		D0055B0B243C053E0088D6C4 /* PlaceSelectorFactory.swift */ = {isa = PBXFileReference; fileEncoding = 4; lastKnownFileType = sourcecode.swift; path = PlaceSelectorFactory.swift; sourceTree = "<group>"; };
		D0055B0C243C053E0088D6C4 /* PlaceSelectorFactoryExtension.swift */ = {isa = PBXFileReference; fileEncoding = 4; lastKnownFileType = sourcecode.swift; path = PlaceSelectorFactoryExtension.swift; sourceTree = "<group>"; };
		D0055B16243C0CB30088D6C4 /* PlaceCell.swift */ = {isa = PBXFileReference; lastKnownFileType = sourcecode.swift; path = PlaceCell.swift; sourceTree = "<group>"; };
		D0055B18243C0CBE0088D6C4 /* PlaceCellViewModel.swift */ = {isa = PBXFileReference; lastKnownFileType = sourcecode.swift; path = PlaceCellViewModel.swift; sourceTree = "<group>"; };
		D0055B20243C1C710088D6C4 /* WorkoutViewUsage.swift */ = {isa = PBXFileReference; lastKnownFileType = sourcecode.swift; path = WorkoutViewUsage.swift; sourceTree = "<group>"; };
		D0055B22243C257E0088D6C4 /* en */ = {isa = PBXFileReference; lastKnownFileType = text.plist.strings; name = en; path = en.lproj/Localizable.strings; sourceTree = "<group>"; };
		D03F3E0A243BAEB600AEEFEC /* WorkoutViewModel.swift */ = {isa = PBXFileReference; fileEncoding = 4; lastKnownFileType = sourcecode.swift; path = WorkoutViewModel.swift; sourceTree = "<group>"; };
		D03F3E0C243BAEB600AEEFEC /* CoordinatorFactory+Workout.swift */ = {isa = PBXFileReference; fileEncoding = 4; lastKnownFileType = sourcecode.swift; path = "CoordinatorFactory+Workout.swift"; sourceTree = "<group>"; };
		D03F3E0D243BAEB600AEEFEC /* WorkoutCoordinator.swift */ = {isa = PBXFileReference; fileEncoding = 4; lastKnownFileType = sourcecode.swift; path = WorkoutCoordinator.swift; sourceTree = "<group>"; };
		D03F3E0F243BAEB600AEEFEC /* WorkoutContentView.swift */ = {isa = PBXFileReference; fileEncoding = 4; lastKnownFileType = sourcecode.swift; path = WorkoutContentView.swift; sourceTree = "<group>"; };
		D03F3E11243BAEB600AEEFEC /* WorkoutViewController.swift */ = {isa = PBXFileReference; fileEncoding = 4; lastKnownFileType = sourcecode.swift; path = WorkoutViewController.swift; sourceTree = "<group>"; };
		D03F3E12243BAEB600AEEFEC /* WorkoutView.swift */ = {isa = PBXFileReference; fileEncoding = 4; lastKnownFileType = sourcecode.swift; path = WorkoutView.swift; sourceTree = "<group>"; };
		D03F3E14243BAEB600AEEFEC /* WorkoutFactory.swift */ = {isa = PBXFileReference; fileEncoding = 4; lastKnownFileType = sourcecode.swift; path = WorkoutFactory.swift; sourceTree = "<group>"; };
		D03F3E15243BAEB600AEEFEC /* WorkoutFactoryExtension.swift */ = {isa = PBXFileReference; fileEncoding = 4; lastKnownFileType = sourcecode.swift; path = WorkoutFactoryExtension.swift; sourceTree = "<group>"; };
		D03F3E1E243BB2D000AEEFEC /* TempWorkout.swift */ = {isa = PBXFileReference; lastKnownFileType = sourcecode.swift; path = TempWorkout.swift; sourceTree = "<group>"; };
		D03F3E22243BC76000AEEFEC /* WorkoutPropertyTextFieldCell.swift */ = {isa = PBXFileReference; lastKnownFileType = sourcecode.swift; path = WorkoutPropertyTextFieldCell.swift; sourceTree = "<group>"; };
		D03F3E24243BC82700AEEFEC /* WorkoutPropertyTextFieldCellViewModel.swift */ = {isa = PBXFileReference; lastKnownFileType = sourcecode.swift; path = WorkoutPropertyTextFieldCellViewModel.swift; sourceTree = "<group>"; };
		D03F3E26243BC9C500AEEFEC /* WorkoutPropertyDescriptionCell.swift */ = {isa = PBXFileReference; lastKnownFileType = sourcecode.swift; path = WorkoutPropertyDescriptionCell.swift; sourceTree = "<group>"; };
		D03F3E28243BC9CF00AEEFEC /* WorkoutPropertyDescriptionCellViewModel.swift */ = {isa = PBXFileReference; lastKnownFileType = sourcecode.swift; path = WorkoutPropertyDescriptionCellViewModel.swift; sourceTree = "<group>"; };
		D03F3E2A243BCA1A00AEEFEC /* WorkoutPropertyDurationPickerCellViewModel.swift */ = {isa = PBXFileReference; lastKnownFileType = sourcecode.swift; path = WorkoutPropertyDurationPickerCellViewModel.swift; sourceTree = "<group>"; };
		D03F3E2C243BCA2300AEEFEC /* WorkoutPropertyDurationPickerCell.swift */ = {isa = PBXFileReference; lastKnownFileType = sourcecode.swift; path = WorkoutPropertyDurationPickerCell.swift; sourceTree = "<group>"; };
		D03F3E2E243BCA6500AEEFEC /* WorkoutPropertyRepositoryCellViewModel.swift */ = {isa = PBXFileReference; lastKnownFileType = sourcecode.swift; path = WorkoutPropertyRepositoryCellViewModel.swift; sourceTree = "<group>"; };
		D03F3E30243BCA6F00AEEFEC /* WorkoutPropertyRepositoryCell.swift */ = {isa = PBXFileReference; lastKnownFileType = sourcecode.swift; path = WorkoutPropertyRepositoryCell.swift; sourceTree = "<group>"; };
		D03F3E34243BE6C100AEEFEC /* WorkoutPropertyCell.swift */ = {isa = PBXFileReference; lastKnownFileType = sourcecode.swift; path = WorkoutPropertyCell.swift; sourceTree = "<group>"; };
		D03F3E3E243BF02400AEEFEC /* RepositoryType+Extension.swift */ = {isa = PBXFileReference; fileEncoding = 4; lastKnownFileType = sourcecode.swift; path = "RepositoryType+Extension.swift"; sourceTree = "<group>"; };
		D03F3E4A243BF91700AEEFEC /* GoogleService-Info.plist */ = {isa = PBXFileReference; fileEncoding = 4; lastKnownFileType = text.plist.xml; path = "GoogleService-Info.plist"; sourceTree = "<group>"; };
		D0FC64B3243B6E74009D0958 /* Workouts.app */ = {isa = PBXFileReference; explicitFileType = wrapper.application; includeInIndex = 0; path = Workouts.app; sourceTree = BUILT_PRODUCTS_DIR; };
		D0FC64B6243B6E74009D0958 /* AppDelegate.swift */ = {isa = PBXFileReference; lastKnownFileType = sourcecode.swift; path = AppDelegate.swift; sourceTree = "<group>"; };
		D0FC64BF243B6E78009D0958 /* Assets.xcassets */ = {isa = PBXFileReference; lastKnownFileType = folder.assetcatalog; path = Assets.xcassets; sourceTree = "<group>"; };
		D0FC64C2243B6E78009D0958 /* Base */ = {isa = PBXFileReference; lastKnownFileType = file.storyboard; name = Base; path = Base.lproj/LaunchScreen.storyboard; sourceTree = "<group>"; };
		D0FC64C4243B6E78009D0958 /* Info.plist */ = {isa = PBXFileReference; lastKnownFileType = text.plist.xml; path = Info.plist; sourceTree = "<group>"; };
/* End PBXFileReference section */

/* Begin PBXFrameworksBuildPhase section */
		D0FC64B0243B6E74009D0958 /* Frameworks */ = {
			isa = PBXFrameworksBuildPhase;
			buildActionMask = 2147483647;
			files = (
				D0037337243B773B00108E2E /* WorkoutsUI.framework in Frameworks */,
				FD918A03D0A3D3ED65B1F50D /* Pods_Workouts.framework in Frameworks */,
				D003731F243B754100108E2E /* service.framework in Frameworks */,
				D0037301243B74FB00108E2E /* core.framework in Frameworks */,
			);
			runOnlyForDeploymentPostprocessing = 0;
		};
/* End PBXFrameworksBuildPhase section */

/* Begin PBXGroup section */
		6C79CF504CCB45AA8021F144 /* Pods */ = {
			isa = PBXGroup;
			children = (
				0627B1070A305EA7ECB974EB /* Pods-SaveIt.debug.xcconfig */,
				6CF9034A95724AA15BC48BBD /* Pods-SaveIt.release.xcconfig */,
				57D6661F28908E248D4431FA /* Pods-Workouts.debug.xcconfig */,
				4001F9F08EF3929C03CFA7B4 /* Pods-Workouts.release.xcconfig */,
			);
			path = Pods;
			sourceTree = "<group>";
		};
		B5E0851DECF25D57439EDB19 /* Frameworks */ = {
			isa = PBXGroup;
			children = (
				D0037336243B773B00108E2E /* WorkoutsUI.framework */,
				D003731E243B754100108E2E /* service.framework */,
				D0037300243B74FB00108E2E /* core.framework */,
				29A57B442E78388C5CF5FC3D /* Pods_Workouts.framework */,
			);
			name = Frameworks;
			sourceTree = "<group>";
		};
		D0033326243C01CC00A302DF /* FirebaseWorkoutsRepository */ = {
			isa = PBXGroup;
			children = (
				D00373DF243BA62000108E2E /* FirebaseWorkoutsRepository.swift */,
				D0033324243C015500A302DF /* FirebaseWorkoutsRepositoryError.swift */,
			);
			path = FirebaseWorkoutsRepository;
			sourceTree = "<group>";
		};
		D003733C243B782100108E2E /* Supporting files */ = {
			isa = PBXGroup;
			children = (
				D003733D243B783200108E2E /* Generated files */,
			);
			path = "Supporting files";
			sourceTree = "<group>";
		};
		D003733D243B783200108E2E /* Generated files */ = {
			isa = PBXGroup;
			children = (
				D0037347243B794E00108E2E /* R.generated.swift */,
			);
			path = "Generated files";
			sourceTree = "<group>";
		};
		D003734F243B79D100108E2E /* Modules */ = {
			isa = PBXGroup;
			children = (
				D0037350243B79DF00108E2E /* Base */,
				D03F3E3D243BEFDF00AEEFEC /* Shared */,
				D0037352243B79EF00108E2E /* NavigationController */,
				D0037351243B79E400108E2E /* App */,
				D0037353243B79F900108E2E /* WorkoutsList */,
				D03F3E08243BAEB600AEEFEC /* Workout */,
				D0055AFF243C053E0088D6C4 /* PlaceSelector */,
			);
			path = Modules;
			sourceTree = "<group>";
		};
		D0037350243B79DF00108E2E /* Base */ = {
			isa = PBXGroup;
			children = (
				D0037378243B7E3B00108E2E /* BViewController.swift */,
				D003737A243B7E5800108E2E /* BView.swift */,
				D003737C243B7E6100108E2E /* BViewModel.swift */,
				D0037372243B7DD900108E2E /* BaseCoordinator.swift */,
				D0037376243B7E2000108E2E /* RouterImp.swift */,
				D00373CE243B871000108E2E /* BCell.swift */,
			);
			path = Base;
			sourceTree = "<group>";
		};
		D0037351243B79E400108E2E /* App */ = {
			isa = PBXGroup;
			children = (
				D0037370243B7D7A00108E2E /* CoordinatorFactory+AppCoordinator.swift */,
				D0037365243B7CDC00108E2E /* AppCoordinator.swift */,
			);
			path = App;
			sourceTree = "<group>";
		};
		D0037352243B79EF00108E2E /* NavigationController */ = {
			isa = PBXGroup;
			children = (
				D003735C243B7B2400108E2E /* NavigationController.swift */,
			);
			path = NavigationController;
			sourceTree = "<group>";
		};
		D0037353243B79F900108E2E /* WorkoutsList */ = {
			isa = PBXGroup;
			children = (
				D003738C243B82E100108E2E /* Factory */,
				D003738D243B82E600108E2E /* Coordinator */,
				D0037385243B82AA00108E2E /* ViewController */,
				D0037388243B82BD00108E2E /* View */,
				D0037389243B82C300108E2E /* ViewModel */,
				D00373A1243B84F900108E2E /* Cell */,
			);
			path = WorkoutsList;
			sourceTree = "<group>";
		};
		D0037367243B7CED00108E2E /* Factory */ = {
			isa = PBXGroup;
			children = (
				D003736E243B7D5800108E2E /* CoordinatorFactory.swift */,
				D003736A243B7D0600108E2E /* CoordinatorFactoryImp.swift */,
				D003736C243B7D0F00108E2E /* ModuleFactoryImp.swift */,
			);
			path = Factory;
			sourceTree = "<group>";
		};
		D0037385243B82AA00108E2E /* ViewController */ = {
			isa = PBXGroup;
			children = (
				D003738A243B82DE00108E2E /* WorkoutsListView.swift */,
				D003738E243B830C00108E2E /* WorkoutsListViewController.swift */,
			);
			path = ViewController;
			sourceTree = "<group>";
		};
		D0037388243B82BD00108E2E /* View */ = {
			isa = PBXGroup;
			children = (
				D0037390243B836000108E2E /* WorkoutsListContentView.swift */,
			);
			path = View;
			sourceTree = "<group>";
		};
		D0037389243B82C300108E2E /* ViewModel */ = {
			isa = PBXGroup;
			children = (
				D0037392243B836A00108E2E /* WorkoutsListViewModel.swift */,
			);
			path = ViewModel;
			sourceTree = "<group>";
		};
		D003738C243B82E100108E2E /* Factory */ = {
			isa = PBXGroup;
			children = (
				D00373D0243B8E6D00108E2E /* WorkoutsListFactory.swift */,
				D00373D2243B8E8B00108E2E /* WorkoutsListFactoryExtension.swift */,
			);
			path = Factory;
			sourceTree = "<group>";
		};
		D003738D243B82E600108E2E /* Coordinator */ = {
			isa = PBXGroup;
			children = (
				D00373D4243B8ED400108E2E /* CoordinatorFactory+WorkoutsList.swift */,
				D00373D6243B8F0A00108E2E /* WorkoutsListCoordinator.swift */,
			);
			path = Coordinator;
			sourceTree = "<group>";
		};
		D00373A1243B84F900108E2E /* Cell */ = {
			isa = PBXGroup;
			children = (
				D00373A2243B850A00108E2E /* WorkoutCell.swift */,
				D00373A4243B851100108E2E /* WorkoutCellViewModel.swift */,
			);
			path = Cell;
			sourceTree = "<group>";
		};
		D0055AFF243C053E0088D6C4 /* PlaceSelector */ = {
			isa = PBXGroup;
			children = (
				D0055B0A243C053E0088D6C4 /* Factory */,
				D0055B02243C053E0088D6C4 /* Coordinator */,
				D0055B07243C053E0088D6C4 /* ViewController */,
				D0055B05243C053E0088D6C4 /* View */,
				D0055B00243C053E0088D6C4 /* ViewModel */,
				D0055B15243C0CA10088D6C4 /* Cell */,
			);
			path = PlaceSelector;
			sourceTree = "<group>";
		};
		D0055B00243C053E0088D6C4 /* ViewModel */ = {
			isa = PBXGroup;
			children = (
				D0055B01243C053E0088D6C4 /* PlaceSelectorViewModel.swift */,
			);
			path = ViewModel;
			sourceTree = "<group>";
		};
		D0055B02243C053E0088D6C4 /* Coordinator */ = {
			isa = PBXGroup;
			children = (
				D0055B04243C053E0088D6C4 /* CoordinatorFactory+PlaceSelector.swift */,
				D0055B03243C053E0088D6C4 /* PlaceSelectorCoordinator.swift */,
			);
			path = Coordinator;
			sourceTree = "<group>";
		};
		D0055B05243C053E0088D6C4 /* View */ = {
			isa = PBXGroup;
			children = (
				D0055B06243C053E0088D6C4 /* PlaceSelectorContentView.swift */,
			);
			path = View;
			sourceTree = "<group>";
		};
		D0055B07243C053E0088D6C4 /* ViewController */ = {
			isa = PBXGroup;
			children = (
				D0055B08243C053E0088D6C4 /* PlaceSelectorView.swift */,
				D0055B09243C053E0088D6C4 /* PlaceSelectorViewController.swift */,
			);
			path = ViewController;
			sourceTree = "<group>";
		};
		D0055B0A243C053E0088D6C4 /* Factory */ = {
			isa = PBXGroup;
			children = (
				D0055B0B243C053E0088D6C4 /* PlaceSelectorFactory.swift */,
				D0055B0C243C053E0088D6C4 /* PlaceSelectorFactoryExtension.swift */,
			);
			path = Factory;
			sourceTree = "<group>";
		};
		D0055B15243C0CA10088D6C4 /* Cell */ = {
			isa = PBXGroup;
			children = (
				D0055B16243C0CB30088D6C4 /* PlaceCell.swift */,
				D0055B18243C0CBE0088D6C4 /* PlaceCellViewModel.swift */,
			);
			path = Cell;
			sourceTree = "<group>";
		};
		D03F3E08243BAEB600AEEFEC /* Workout */ = {
			isa = PBXGroup;
			children = (
				D03F3E13243BAEB600AEEFEC /* Factory */,
				D03F3E0B243BAEB600AEEFEC /* Coordinator */,
				D03F3E10243BAEB600AEEFEC /* ViewController */,
				D03F3E0E243BAEB600AEEFEC /* View */,
				D03F3E09243BAEB600AEEFEC /* ViewModel */,
				D03F3E20243BB2D700AEEFEC /* Model */,
				D03F3E21243BC71300AEEFEC /* Cell */,
			);
			path = Workout;
			sourceTree = "<group>";
		};
		D03F3E09243BAEB600AEEFEC /* ViewModel */ = {
			isa = PBXGroup;
			children = (
				D03F3E0A243BAEB600AEEFEC /* WorkoutViewModel.swift */,
			);
			path = ViewModel;
			sourceTree = "<group>";
		};
		D03F3E0B243BAEB600AEEFEC /* Coordinator */ = {
			isa = PBXGroup;
			children = (
				D03F3E0C243BAEB600AEEFEC /* CoordinatorFactory+Workout.swift */,
				D03F3E0D243BAEB600AEEFEC /* WorkoutCoordinator.swift */,
			);
			path = Coordinator;
			sourceTree = "<group>";
		};
		D03F3E0E243BAEB600AEEFEC /* View */ = {
			isa = PBXGroup;
			children = (
				D03F3E0F243BAEB600AEEFEC /* WorkoutContentView.swift */,
			);
			path = View;
			sourceTree = "<group>";
		};
		D03F3E10243BAEB600AEEFEC /* ViewController */ = {
			isa = PBXGroup;
			children = (
				D03F3E12243BAEB600AEEFEC /* WorkoutView.swift */,
				D03F3E11243BAEB600AEEFEC /* WorkoutViewController.swift */,
			);
			path = ViewController;
			sourceTree = "<group>";
		};
		D03F3E13243BAEB600AEEFEC /* Factory */ = {
			isa = PBXGroup;
			children = (
				D03F3E14243BAEB600AEEFEC /* WorkoutFactory.swift */,
				D03F3E15243BAEB600AEEFEC /* WorkoutFactoryExtension.swift */,
			);
			path = Factory;
			sourceTree = "<group>";
		};
		D03F3E20243BB2D700AEEFEC /* Model */ = {
			isa = PBXGroup;
			children = (
				D03F3E1E243BB2D000AEEFEC /* TempWorkout.swift */,
				D0055B20243C1C710088D6C4 /* WorkoutViewUsage.swift */,
			);
			path = Model;
			sourceTree = "<group>";
		};
		D03F3E21243BC71300AEEFEC /* Cell */ = {
			isa = PBXGroup;
			children = (
				D03F3E34243BE6C100AEEFEC /* WorkoutPropertyCell.swift */,
				D03F3E22243BC76000AEEFEC /* WorkoutPropertyTextFieldCell.swift */,
				D03F3E24243BC82700AEEFEC /* WorkoutPropertyTextFieldCellViewModel.swift */,
				D03F3E26243BC9C500AEEFEC /* WorkoutPropertyDescriptionCell.swift */,
				D03F3E28243BC9CF00AEEFEC /* WorkoutPropertyDescriptionCellViewModel.swift */,
				D03F3E2C243BCA2300AEEFEC /* WorkoutPropertyDurationPickerCell.swift */,
				D03F3E2A243BCA1A00AEEFEC /* WorkoutPropertyDurationPickerCellViewModel.swift */,
				D03F3E30243BCA6F00AEEFEC /* WorkoutPropertyRepositoryCell.swift */,
				D03F3E2E243BCA6500AEEFEC /* WorkoutPropertyRepositoryCellViewModel.swift */,
			);
			path = Cell;
			sourceTree = "<group>";
		};
		D03F3E3D243BEFDF00AEEFEC /* Shared */ = {
			isa = PBXGroup;
			children = (
				D0033326243C01CC00A302DF /* FirebaseWorkoutsRepository */,
				D03F3E3E243BF02400AEEFEC /* RepositoryType+Extension.swift */,
			);
			path = Shared;
			sourceTree = "<group>";
		};
		D0FC64AA243B6E74009D0958 = {
			isa = PBXGroup;
			children = (
				D0FC64B5243B6E74009D0958 /* Workouts */,
				D0FC64B4243B6E74009D0958 /* Products */,
				6C79CF504CCB45AA8021F144 /* Pods */,
				B5E0851DECF25D57439EDB19 /* Frameworks */,
			);
			sourceTree = "<group>";
		};
		D0FC64B4243B6E74009D0958 /* Products */ = {
			isa = PBXGroup;
			children = (
				D0FC64B3243B6E74009D0958 /* Workouts.app */,
			);
			name = Products;
			sourceTree = "<group>";
		};
		D0FC64B5243B6E74009D0958 /* Workouts */ = {
			isa = PBXGroup;
			children = (
				D0FC64B6243B6E74009D0958 /* AppDelegate.swift */,
				D003734E243B798F00108E2E /* Localizable.strings */,
				D0FC64BF243B6E78009D0958 /* Assets.xcassets */,
				D0FC64C1243B6E78009D0958 /* LaunchScreen.storyboard */,
				D0FC64C4243B6E78009D0958 /* Info.plist */,
				D03F3E4A243BF91700AEEFEC /* GoogleService-Info.plist */,
				D003734F243B79D100108E2E /* Modules */,
				D0037367243B7CED00108E2E /* Factory */,
				D003733C243B782100108E2E /* Supporting files */,
			);
			path = Workouts;
			sourceTree = "<group>";
		};
/* End PBXGroup section */

/* Begin PBXNativeTarget section */
		D0FC64B2243B6E74009D0958 /* Workouts */ = {
			isa = PBXNativeTarget;
			buildConfigurationList = D0FC64C7243B6E78009D0958 /* Build configuration list for PBXNativeTarget "Workouts" */;
			buildPhases = (
				E8D308400D1790BD96FE9ED7 /* [CP] Check Pods Manifest.lock */,
				D0037346243B791100108E2E /* R.swift */,
				D0FC64AF243B6E74009D0958 /* Sources */,
				D0FC64B0243B6E74009D0958 /* Frameworks */,
				D0FC64B1243B6E74009D0958 /* Resources */,
				D0037339243B779E00108E2E /* SwiftLint */,
				6B3A70D1CC3CD15CE03091ED /* [CP] Embed Pods Frameworks */,
				D0037303243B74FB00108E2E /* Embed Frameworks */,
			);
			buildRules = (
			);
			dependencies = (
			);
			name = Workouts;
			productName = SaveIt;
			productReference = D0FC64B3243B6E74009D0958 /* Workouts.app */;
			productType = "com.apple.product-type.application";
		};
/* End PBXNativeTarget section */

/* Begin PBXProject section */
		D0FC64AB243B6E74009D0958 /* Project object */ = {
			isa = PBXProject;
			attributes = {
				LastSwiftUpdateCheck = 1120;
				LastUpgradeCheck = 1120;
				ORGANIZATIONNAME = "Robert Dresler";
				TargetAttributes = {
					D0FC64B2243B6E74009D0958 = {
						CreatedOnToolsVersion = 11.2.1;
					};
				};
			};
			buildConfigurationList = D0FC64AE243B6E74009D0958 /* Build configuration list for PBXProject "Workouts" */;
			compatibilityVersion = "Xcode 9.3";
			developmentRegion = en;
			hasScannedForEncodings = 0;
			knownRegions = (
				en,
				Base,
				cs,
			);
			mainGroup = D0FC64AA243B6E74009D0958;
			productRefGroup = D0FC64B4243B6E74009D0958 /* Products */;
			projectDirPath = "";
			projectRoot = "";
			targets = (
				D0FC64B2243B6E74009D0958 /* Workouts */,
			);
		};
/* End PBXProject section */

/* Begin PBXResourcesBuildPhase section */
		D0FC64B1243B6E74009D0958 /* Resources */ = {
			isa = PBXResourcesBuildPhase;
			buildActionMask = 2147483647;
			files = (
				D0FC64C3243B6E78009D0958 /* LaunchScreen.storyboard in Resources */,
				D03F3E4B243BF91700AEEFEC /* GoogleService-Info.plist in Resources */,
				D003734C243B798F00108E2E /* Localizable.strings in Resources */,
				D0FC64C0243B6E78009D0958 /* Assets.xcassets in Resources */,
			);
			runOnlyForDeploymentPostprocessing = 0;
		};
/* End PBXResourcesBuildPhase section */

/* Begin PBXShellScriptBuildPhase section */
		6B3A70D1CC3CD15CE03091ED /* [CP] Embed Pods Frameworks */ = {
			isa = PBXShellScriptBuildPhase;
			buildActionMask = 2147483647;
			files = (
			);
			inputFileListPaths = (
				"${PODS_ROOT}/Target Support Files/Pods-Workouts/Pods-Workouts-frameworks-${CONFIGURATION}-input-files.xcfilelist",
			);
			name = "[CP] Embed Pods Frameworks";
			outputFileListPaths = (
				"${PODS_ROOT}/Target Support Files/Pods-Workouts/Pods-Workouts-frameworks-${CONFIGURATION}-output-files.xcfilelist",
			);
			runOnlyForDeploymentPostprocessing = 0;
			shellPath = /bin/sh;
			shellScript = "\"${PODS_ROOT}/Target Support Files/Pods-Workouts/Pods-Workouts-frameworks.sh\"\n";
			showEnvVarsInLog = 0;
		};
		D0037339243B779E00108E2E /* SwiftLint */ = {
			isa = PBXShellScriptBuildPhase;
			buildActionMask = 2147483647;
			files = (
			);
			inputFileListPaths = (
			);
			inputPaths = (
			);
			name = SwiftLint;
			outputFileListPaths = (
			);
			outputPaths = (
			);
			runOnlyForDeploymentPostprocessing = 0;
			shellPath = /bin/sh;
			shellScript = "\"${PODS_ROOT}/SwiftLint/swiftlint\"\n";
		};
		D0037346243B791100108E2E /* R.swift */ = {
			isa = PBXShellScriptBuildPhase;
			buildActionMask = 2147483647;
			files = (
			);
			inputFileListPaths = (
			);
			inputPaths = (
				"$TEMP_DIR/rswift-lastrun",
			);
			name = R.swift;
			outputFileListPaths = (
			);
			outputPaths = (
				"$SRCROOT/Workouts/Supporting files/Generated files/R.generated.swift",
			);
			runOnlyForDeploymentPostprocessing = 0;
			shellPath = /bin/sh;
			shellScript = "\"$PODS_ROOT/R.swift/rswift\" generate \"$SRCROOT/Workouts/Supporting files/Generated files/R.generated.swift\"\n";
		};
		E8D308400D1790BD96FE9ED7 /* [CP] Check Pods Manifest.lock */ = {
			isa = PBXShellScriptBuildPhase;
			buildActionMask = 2147483647;
			files = (
			);
			inputFileListPaths = (
			);
			inputPaths = (
				"${PODS_PODFILE_DIR_PATH}/Podfile.lock",
				"${PODS_ROOT}/Manifest.lock",
			);
			name = "[CP] Check Pods Manifest.lock";
			outputFileListPaths = (
			);
			outputPaths = (
				"$(DERIVED_FILE_DIR)/Pods-Workouts-checkManifestLockResult.txt",
			);
			runOnlyForDeploymentPostprocessing = 0;
			shellPath = /bin/sh;
			shellScript = "diff \"${PODS_PODFILE_DIR_PATH}/Podfile.lock\" \"${PODS_ROOT}/Manifest.lock\" > /dev/null\nif [ $? != 0 ] ; then\n    # print error to STDERR\n    echo \"error: The sandbox is not in sync with the Podfile.lock. Run 'pod install' or update your CocoaPods installation.\" >&2\n    exit 1\nfi\n# This output is used by Xcode 'outputs' to avoid re-running this script phase.\necho \"SUCCESS\" > \"${SCRIPT_OUTPUT_FILE_0}\"\n";
			showEnvVarsInLog = 0;
		};
/* End PBXShellScriptBuildPhase section */

/* Begin PBXSourcesBuildPhase section */
		D0FC64AF243B6E74009D0958 /* Sources */ = {
			isa = PBXSourcesBuildPhase;
			buildActionMask = 2147483647;
			files = (
				D00373D7243B8F0A00108E2E /* WorkoutsListCoordinator.swift in Sources */,
				D003737B243B7E5800108E2E /* BView.swift in Sources */,
				D03F3E1C243BAEB600AEEFEC /* WorkoutFactory.swift in Sources */,
				D03F3E3F243BF02500AEEFEC /* RepositoryType+Extension.swift in Sources */,
				D003736B243B7D0600108E2E /* CoordinatorFactoryImp.swift in Sources */,
				D03F3E2F243BCA6500AEEFEC /* WorkoutPropertyRepositoryCellViewModel.swift in Sources */,
				D003735D243B7B2400108E2E /* NavigationController.swift in Sources */,
				D003736D243B7D0F00108E2E /* ModuleFactoryImp.swift in Sources */,
				D03F3E2D243BCA2300AEEFEC /* WorkoutPropertyDurationPickerCell.swift in Sources */,
				D00373D5243B8ED400108E2E /* CoordinatorFactory+WorkoutsList.swift in Sources */,
				D03F3E25243BC82700AEEFEC /* WorkoutPropertyTextFieldCellViewModel.swift in Sources */,
				D0055B12243C053E0088D6C4 /* PlaceSelectorViewController.swift in Sources */,
				D0055B10243C053E0088D6C4 /* PlaceSelectorContentView.swift in Sources */,
				D0055B14243C053E0088D6C4 /* PlaceSelectorFactoryExtension.swift in Sources */,
				D0037391243B836000108E2E /* WorkoutsListContentView.swift in Sources */,
				D03F3E1B243BAEB600AEEFEC /* WorkoutView.swift in Sources */,
				D00373A5243B851100108E2E /* WorkoutCellViewModel.swift in Sources */,
				D003738B243B82DE00108E2E /* WorkoutsListView.swift in Sources */,
				D0FC64B7243B6E74009D0958 /* AppDelegate.swift in Sources */,
				D003738F243B830C00108E2E /* WorkoutsListViewController.swift in Sources */,
				D0055B0D243C053E0088D6C4 /* PlaceSelectorViewModel.swift in Sources */,
				D0055B11243C053E0088D6C4 /* PlaceSelectorView.swift in Sources */,
				D0037393243B836A00108E2E /* WorkoutsListViewModel.swift in Sources */,
				D03F3E1A243BAEB600AEEFEC /* WorkoutViewController.swift in Sources */,
				D00373A3243B850A00108E2E /* WorkoutCell.swift in Sources */,
				D0037377243B7E2000108E2E /* RouterImp.swift in Sources */,
				D03F3E23243BC76000AEEFEC /* WorkoutPropertyTextFieldCell.swift in Sources */,
				D03F3E18243BAEB600AEEFEC /* WorkoutCoordinator.swift in Sources */,
				D0033325243C015500A302DF /* FirebaseWorkoutsRepositoryError.swift in Sources */,
				D03F3E16243BAEB600AEEFEC /* WorkoutViewModel.swift in Sources */,
				D03F3E35243BE6C100AEEFEC /* WorkoutPropertyCell.swift in Sources */,
				D03F3E27243BC9C500AEEFEC /* WorkoutPropertyDescriptionCell.swift in Sources */,
				D0037379243B7E3B00108E2E /* BViewController.swift in Sources */,
				D003737D243B7E6100108E2E /* BViewModel.swift in Sources */,
				D0055B0F243C053E0088D6C4 /* CoordinatorFactory+PlaceSelector.swift in Sources */,
				D03F3E29243BC9CF00AEEFEC /* WorkoutPropertyDescriptionCellViewModel.swift in Sources */,
				D0037373243B7DD900108E2E /* BaseCoordinator.swift in Sources */,
				D03F3E31243BCA6F00AEEFEC /* WorkoutPropertyRepositoryCell.swift in Sources */,
				D00373D1243B8E6D00108E2E /* WorkoutsListFactory.swift in Sources */,
				D0037371243B7D7A00108E2E /* CoordinatorFactory+AppCoordinator.swift in Sources */,
				D0055B0E243C053E0088D6C4 /* PlaceSelectorCoordinator.swift in Sources */,
				D00373CF243B871000108E2E /* BCell.swift in Sources */,
				D03F3E19243BAEB600AEEFEC /* WorkoutContentView.swift in Sources */,
				D03F3E17243BAEB600AEEFEC /* CoordinatorFactory+Workout.swift in Sources */,
				D00373D3243B8E8B00108E2E /* WorkoutsListFactoryExtension.swift in Sources */,
				D0037348243B794E00108E2E /* R.generated.swift in Sources */,
				D0055B19243C0CBE0088D6C4 /* PlaceCellViewModel.swift in Sources */,
				D00373E0243BA62000108E2E /* FirebaseWorkoutsRepository.swift in Sources */,
				D03F3E1D243BAEB600AEEFEC /* WorkoutFactoryExtension.swift in Sources */,
				D0055B13243C053E0088D6C4 /* PlaceSelectorFactory.swift in Sources */,
				D03F3E2B243BCA1A00AEEFEC /* WorkoutPropertyDurationPickerCellViewModel.swift in Sources */,
				D03F3E1F243BB2D000AEEFEC /* TempWorkout.swift in Sources */,
				D0055B21243C1C710088D6C4 /* WorkoutViewUsage.swift in Sources */,
				D0037366243B7CDC00108E2E /* AppCoordinator.swift in Sources */,
				D003736F243B7D5800108E2E /* CoordinatorFactory.swift in Sources */,
				D0055B17243C0CB30088D6C4 /* PlaceCell.swift in Sources */,
			);
			runOnlyForDeploymentPostprocessing = 0;
		};
/* End PBXSourcesBuildPhase section */

/* Begin PBXVariantGroup section */
		D003734E243B798F00108E2E /* Localizable.strings */ = {
			isa = PBXVariantGroup;
			children = (
				D003734D243B798F00108E2E /* cs */,
				D0055B22243C257E0088D6C4 /* en */,
			);
			name = Localizable.strings;
			sourceTree = "<group>";
		};
		D0FC64C1243B6E78009D0958 /* LaunchScreen.storyboard */ = {
			isa = PBXVariantGroup;
			children = (
				D0FC64C2243B6E78009D0958 /* Base */,
				D0037349243B796D00108E2E /* cs */,
			);
			name = LaunchScreen.storyboard;
			sourceTree = "<group>";
		};
/* End PBXVariantGroup section */

/* Begin XCBuildConfiguration section */
		D0FC64C5243B6E78009D0958 /* Debug */ = {
			isa = XCBuildConfiguration;
			buildSettings = {
				ALWAYS_SEARCH_USER_PATHS = NO;
				CLANG_ANALYZER_LOCALIZABILITY_NONLOCALIZED = YES;
				CLANG_ANALYZER_NONNULL = YES;
				CLANG_ANALYZER_NUMBER_OBJECT_CONVERSION = YES_AGGRESSIVE;
				CLANG_CXX_LANGUAGE_STANDARD = "gnu++14";
				CLANG_CXX_LIBRARY = "libc++";
				CLANG_ENABLE_MODULES = YES;
				CLANG_ENABLE_OBJC_ARC = YES;
				CLANG_ENABLE_OBJC_WEAK = YES;
				CLANG_WARN_BLOCK_CAPTURE_AUTORELEASING = YES;
				CLANG_WARN_BOOL_CONVERSION = YES;
				CLANG_WARN_COMMA = YES;
				CLANG_WARN_CONSTANT_CONVERSION = YES;
				CLANG_WARN_DEPRECATED_OBJC_IMPLEMENTATIONS = YES;
				CLANG_WARN_DIRECT_OBJC_ISA_USAGE = YES_ERROR;
				CLANG_WARN_DOCUMENTATION_COMMENTS = YES;
				CLANG_WARN_EMPTY_BODY = YES;
				CLANG_WARN_ENUM_CONVERSION = YES;
				CLANG_WARN_INFINITE_RECURSION = YES;
				CLANG_WARN_INT_CONVERSION = YES;
				CLANG_WARN_NON_LITERAL_NULL_CONVERSION = YES;
				CLANG_WARN_OBJC_IMPLICIT_RETAIN_SELF = YES;
				CLANG_WARN_OBJC_LITERAL_CONVERSION = YES;
				CLANG_WARN_OBJC_ROOT_CLASS = YES_ERROR;
				CLANG_WARN_RANGE_LOOP_ANALYSIS = YES;
				CLANG_WARN_STRICT_PROTOTYPES = YES;
				CLANG_WARN_SUSPICIOUS_MOVE = YES;
				CLANG_WARN_UNGUARDED_AVAILABILITY = YES_AGGRESSIVE;
				CLANG_WARN_UNREACHABLE_CODE = YES;
				CLANG_WARN__DUPLICATE_METHOD_MATCH = YES;
				COPY_PHASE_STRIP = NO;
				DEBUG_INFORMATION_FORMAT = dwarf;
				ENABLE_STRICT_OBJC_MSGSEND = YES;
				ENABLE_TESTABILITY = YES;
				GCC_C_LANGUAGE_STANDARD = gnu11;
				GCC_DYNAMIC_NO_PIC = NO;
				GCC_NO_COMMON_BLOCKS = YES;
				GCC_OPTIMIZATION_LEVEL = 0;
				GCC_PREPROCESSOR_DEFINITIONS = (
					"DEBUG=1",
					"$(inherited)",
				);
				GCC_WARN_64_TO_32_BIT_CONVERSION = YES;
				GCC_WARN_ABOUT_RETURN_TYPE = YES_ERROR;
				GCC_WARN_UNDECLARED_SELECTOR = YES;
				GCC_WARN_UNINITIALIZED_AUTOS = YES_AGGRESSIVE;
				GCC_WARN_UNUSED_FUNCTION = YES;
				GCC_WARN_UNUSED_VARIABLE = YES;
				IPHONEOS_DEPLOYMENT_TARGET = 13.0;
				MTL_ENABLE_DEBUG_INFO = INCLUDE_SOURCE;
				MTL_FAST_MATH = YES;
				ONLY_ACTIVE_ARCH = YES;
				SDKROOT = iphoneos;
				SWIFT_ACTIVE_COMPILATION_CONDITIONS = DEBUG;
				SWIFT_OPTIMIZATION_LEVEL = "-Onone";
			};
			name = Debug;
		};
		D0FC64C6243B6E78009D0958 /* Release */ = {
			isa = XCBuildConfiguration;
			buildSettings = {
				ALWAYS_SEARCH_USER_PATHS = NO;
				CLANG_ANALYZER_LOCALIZABILITY_NONLOCALIZED = YES;
				CLANG_ANALYZER_NONNULL = YES;
				CLANG_ANALYZER_NUMBER_OBJECT_CONVERSION = YES_AGGRESSIVE;
				CLANG_CXX_LANGUAGE_STANDARD = "gnu++14";
				CLANG_CXX_LIBRARY = "libc++";
				CLANG_ENABLE_MODULES = YES;
				CLANG_ENABLE_OBJC_ARC = YES;
				CLANG_ENABLE_OBJC_WEAK = YES;
				CLANG_WARN_BLOCK_CAPTURE_AUTORELEASING = YES;
				CLANG_WARN_BOOL_CONVERSION = YES;
				CLANG_WARN_COMMA = YES;
				CLANG_WARN_CONSTANT_CONVERSION = YES;
				CLANG_WARN_DEPRECATED_OBJC_IMPLEMENTATIONS = YES;
				CLANG_WARN_DIRECT_OBJC_ISA_USAGE = YES_ERROR;
				CLANG_WARN_DOCUMENTATION_COMMENTS = YES;
				CLANG_WARN_EMPTY_BODY = YES;
				CLANG_WARN_ENUM_CONVERSION = YES;
				CLANG_WARN_INFINITE_RECURSION = YES;
				CLANG_WARN_INT_CONVERSION = YES;
				CLANG_WARN_NON_LITERAL_NULL_CONVERSION = YES;
				CLANG_WARN_OBJC_IMPLICIT_RETAIN_SELF = YES;
				CLANG_WARN_OBJC_LITERAL_CONVERSION = YES;
				CLANG_WARN_OBJC_ROOT_CLASS = YES_ERROR;
				CLANG_WARN_RANGE_LOOP_ANALYSIS = YES;
				CLANG_WARN_STRICT_PROTOTYPES = YES;
				CLANG_WARN_SUSPICIOUS_MOVE = YES;
				CLANG_WARN_UNGUARDED_AVAILABILITY = YES_AGGRESSIVE;
				CLANG_WARN_UNREACHABLE_CODE = YES;
				CLANG_WARN__DUPLICATE_METHOD_MATCH = YES;
				COPY_PHASE_STRIP = NO;
				DEBUG_INFORMATION_FORMAT = "dwarf-with-dsym";
				ENABLE_NS_ASSERTIONS = NO;
				ENABLE_STRICT_OBJC_MSGSEND = YES;
				GCC_C_LANGUAGE_STANDARD = gnu11;
				GCC_NO_COMMON_BLOCKS = YES;
				GCC_WARN_64_TO_32_BIT_CONVERSION = YES;
				GCC_WARN_ABOUT_RETURN_TYPE = YES_ERROR;
				GCC_WARN_UNDECLARED_SELECTOR = YES;
				GCC_WARN_UNINITIALIZED_AUTOS = YES_AGGRESSIVE;
				GCC_WARN_UNUSED_FUNCTION = YES;
				GCC_WARN_UNUSED_VARIABLE = YES;
				IPHONEOS_DEPLOYMENT_TARGET = 13.0;
				MTL_ENABLE_DEBUG_INFO = NO;
				MTL_FAST_MATH = YES;
				SDKROOT = iphoneos;
				SWIFT_COMPILATION_MODE = wholemodule;
				SWIFT_OPTIMIZATION_LEVEL = "-O";
				VALIDATE_PRODUCT = YES;
			};
			name = Release;
		};
		D0FC64C8243B6E78009D0958 /* Debug */ = {
			isa = XCBuildConfiguration;
			baseConfigurationReference = 57D6661F28908E248D4431FA /* Pods-Workouts.debug.xcconfig */;
			buildSettings = {
				ASSETCATALOG_COMPILER_APPICON_NAME = AppIcon;
				CODE_SIGN_STYLE = Automatic;
				DEVELOPMENT_TEAM = 32MY6HGVC2;
				INFOPLIST_FILE = "$(SRCROOT)/Workouts/Info.plist";
				IPHONEOS_DEPLOYMENT_TARGET = 13.0;
				LD_RUNPATH_SEARCH_PATHS = (
					"$(inherited)",
					"@executable_path/Frameworks",
				);
				PRODUCT_BUNDLE_IDENTIFIER = cz.RobertDresler.Workouts;
				PRODUCT_NAME = "$(TARGET_NAME)";
				SWIFT_VERSION = 5.0;
				TARGETED_DEVICE_FAMILY = 1;
			};
			name = Debug;
		};
		D0FC64C9243B6E78009D0958 /* Release */ = {
			isa = XCBuildConfiguration;
			baseConfigurationReference = 4001F9F08EF3929C03CFA7B4 /* Pods-Workouts.release.xcconfig */;
			buildSettings = {
				ASSETCATALOG_COMPILER_APPICON_NAME = AppIcon;
				CODE_SIGN_STYLE = Automatic;
				DEVELOPMENT_TEAM = 32MY6HGVC2;
				INFOPLIST_FILE = "$(SRCROOT)/Workouts/Info.plist";
				IPHONEOS_DEPLOYMENT_TARGET = 13.0;
				LD_RUNPATH_SEARCH_PATHS = (
					"$(inherited)",
					"@executable_path/Frameworks",
				);
				PRODUCT_BUNDLE_IDENTIFIER = cz.RobertDresler.Workouts;
				PRODUCT_NAME = "$(TARGET_NAME)";
				SWIFT_VERSION = 5.0;
				TARGETED_DEVICE_FAMILY = 1;
			};
			name = Release;
		};
/* End XCBuildConfiguration section */

/* Begin XCConfigurationList section */
		D0FC64AE243B6E74009D0958 /* Build configuration list for PBXProject "Workouts" */ = {
			isa = XCConfigurationList;
			buildConfigurations = (
				D0FC64C5243B6E78009D0958 /* Debug */,
				D0FC64C6243B6E78009D0958 /* Release */,
			);
			defaultConfigurationIsVisible = 0;
			defaultConfigurationName = Release;
		};
		D0FC64C7243B6E78009D0958 /* Build configuration list for PBXNativeTarget "Workouts" */ = {
			isa = XCConfigurationList;
			buildConfigurations = (
				D0FC64C8243B6E78009D0958 /* Debug */,
				D0FC64C9243B6E78009D0958 /* Release */,
			);
			defaultConfigurationIsVisible = 0;
			defaultConfigurationName = Release;
		};
/* End XCConfigurationList section */
	};
	rootObject = D0FC64AB243B6E74009D0958 /* Project object */;
}
